
Microsoft Visual Studio Solution File, Format Version 12.00
# Visual Studio Version 16
VisualStudioVersion = 16.0.29025.244
MinimumVisualStudioVersion = 10.0.40219.1
Project("{FAE04EC0-301F-11D3-BF4B-00C04F79EFBC}") = "DataCreator", "DataCreator.csproj", "{F3E5E56E-D6E0-4085-9F0A-235260326642}"
EndProject
Global
	GlobalSection(SolutionConfigurationPlatforms) = preSolution
		Debug|Any CPU = Debug|Any CPU
		Release|Any CPU = Release|Any CPU
	EndGlobalSection
	GlobalSection(ProjectConfigurationPlatforms) = postSolution
		{F3E5E56E-D6E0-4085-9F0A-235260326642}.Debug|Any CPU.ActiveCfg = Debug|Any CPU
		{F3E5E56E-D6E0-4085-9F0A-235260326642}.Debug|Any CPU.Build.0 = Debug|Any CPU
		{F3E5E56E-D6E0-4085-9F0A-235260326642}.Release|Any CPU.ActiveCfg = Release|Any CPU
		{F3E5E56E-D6E0-4085-9F0A-235260326642}.Release|Any CPU.Build.0 = Release|Any CPU
	EndGlobalSection
	GlobalSection(SolutionProperties) = preSolution
		HideSolutionNode = FALSE
	EndGlobalSection
	GlobalSection(ExtensibilityGlobals) = postSolution
		SolutionGuid = {1E2EBB8E-B966-40B9-99F2-407F011A7B1B}
	EndGlobalSection
EndGlobal
